
Microsoft Visual Studio Solution File, Format Version 12.00
# Visual Studio Version 17
VisualStudioVersion = 17.13.35806.99 d17.13
MinimumVisualStudioVersion = 10.0.40219.1
Project("{FAE04EC0-301F-11D3-BF4B-00C04F79EFBC}") = "Gastos", "Gastos\Gastos.csproj", "{CAD664D7-A9C4-4918-9455-67FFF16DDE34}"
EndProject
Global
	GlobalSection(SolutionConfigurationPlatforms) = preSolution
		Debug|Any CPU = Debug|Any CPU
		Release|Any CPU = Release|Any CPU
	EndGlobalSection
	GlobalSection(ProjectConfigurationPlatforms) = postSolution
		{CAD664D7-A9C4-4918-9455-67FFF16DDE34}.Debug|Any CPU.ActiveCfg = Debug|Any CPU
		{CAD664D7-A9C4-4918-9455-67FFF16DDE34}.Debug|Any CPU.Build.0 = Debug|Any CPU
		{CAD664D7-A9C4-4918-9455-67FFF16DDE34}.Release|Any CPU.ActiveCfg = Release|Any CPU
		{CAD664D7-A9C4-4918-9455-67FFF16DDE34}.Release|Any CPU.Build.0 = Release|Any CPU
	EndGlobalSection
	GlobalSection(SolutionProperties) = preSolution
		HideSolutionNode = FALSE
	EndGlobalSection
	GlobalSection(ExtensibilityGlobals) = postSolution
		SolutionGuid = {E3F0D871-23F2-454E-B219-F4DB40E0F32C}
	EndGlobalSection
EndGlobal
